# repo	commit
github.com/so-fancy/diff-so-fancy	bb015e071529846c964d821ff4a170c56a18f1fa
github.com/ohmyzsh/ohmyzsh	242e2faa51675494cbfa78a81f3ff47d81039863
github.com/zsh-users/zsh-autosuggestions	85919cd1ffa7d2d5412f6d3fe437ebdbeeec4fc5
github.com/zsh-users/zsh-syntax-highlighting	5eb677bb0fa9a3e60f0eff031dc13926e093df92
github.com/xvoland/Extract	601acced4eadb0189ff5dfb7fa9ceb3ff272c6d1
github.com/folke/lazy.nvim	6c3bda4aca61a13a9c63f1c1d1b16b9d3be90d7a
github.com/tmux-plugins/tpm	99469c4a9b1ccf77fade25842dc7bafbc8ce9946
